
Microsoft Visual Studio Solution File, Format Version 12.00
# Visual Studio Version 16
VisualStudioVersion = 16.0.28729.10
MinimumVisualStudioVersion = 10.0.40219.1
Project("{FAE04EC0-301F-11D3-BF4B-00C04F79EFBC}") = "Firewatch", "src\Firewatch\Firewatch.csproj", "{ABA7F037-3E13-4335-8922-4F9FEDA9D0ED}"
EndProject
Project("{FAE04EC0-301F-11D3-BF4B-00C04F79EFBC}") = "Firewatch.Daemon", "src\Firewatch.Daemon\Firewatch.Daemon.csproj", "{5566012E-EC43-438C-9219-D51FF3E22B2A}"
EndProject
Global
	GlobalSection(SolutionConfigurationPlatforms) = preSolution
		Debug|Any CPU = Debug|Any CPU
		Release|Any CPU = Release|Any CPU
	EndGlobalSection
	GlobalSection(ProjectConfigurationPlatforms) = postSolution
		{ABA7F037-3E13-4335-8922-4F9FEDA9D0ED}.Debug|Any CPU.ActiveCfg = Debug|Any CPU
		{ABA7F037-3E13-4335-8922-4F9FEDA9D0ED}.Debug|Any CPU.Build.0 = Debug|Any CPU
		{ABA7F037-3E13-4335-8922-4F9FEDA9D0ED}.Release|Any CPU.ActiveCfg = Release|Any CPU
		{ABA7F037-3E13-4335-8922-4F9FEDA9D0ED}.Release|Any CPU.Build.0 = Release|Any CPU
		{5566012E-EC43-438C-9219-D51FF3E22B2A}.Debug|Any CPU.ActiveCfg = Debug|Any CPU
		{5566012E-EC43-438C-9219-D51FF3E22B2A}.Debug|Any CPU.Build.0 = Debug|Any CPU
		{5566012E-EC43-438C-9219-D51FF3E22B2A}.Release|Any CPU.ActiveCfg = Release|Any CPU
		{5566012E-EC43-438C-9219-D51FF3E22B2A}.Release|Any CPU.Build.0 = Release|Any CPU
	EndGlobalSection
	GlobalSection(SolutionProperties) = preSolution
		HideSolutionNode = FALSE
	EndGlobalSection
	GlobalSection(ExtensibilityGlobals) = postSolution
		SolutionGuid = {29DB5E02-53F4-4315-935B-4D3DA4A330F2}
	EndGlobalSection
EndGlobal
